// !$*UTF8*$!
{
	archiveVersion = 1;
	classes = {
	};
	objectVersion = 46;
	objects = {

/* Begin PBXBuildFile section */
		8415AE2B1EC8487A00C7F289 /* main.swift in Sources */ = {isa = PBXBuildFile; fileRef = 8415AE2A1EC8487A00C7F289 /* main.swift */; };
		8415AE321EC848E200C7F289 /* Basket.swift in Sources */ = {isa = PBXBuildFile; fileRef = 8415AE311EC848E200C7F289 /* Basket.swift */; };
		8415AE341EC849C500C7F289 /* Fruit.swift in Sources */ = {isa = PBXBuildFile; fileRef = 8415AE331EC849C500C7F289 /* Fruit.swift */; };
		8415AE361EC849E000C7F289 /* Apple.swift in Sources */ = {isa = PBXBuildFile; fileRef = 8415AE351EC849E000C7F289 /* Apple.swift */; };
		8415AE381EC84A0D00C7F289 /* Banana.swift in Sources */ = {isa = PBXBuildFile; fileRef = 8415AE371EC84A0D00C7F289 /* Banana.swift */; };
		8415AE3B1EC8532900C7F289 /* BasketIterator.swift in Sources */ = {isa = PBXBuildFile; fileRef = 8415AE3A1EC8532900C7F289 /* BasketIterator.swift */; };
/* End PBXBuildFile section */

/* Begin PBXCopyFilesBuildPhase section */
		8415AE251EC8487A00C7F289 /* CopyFiles */ = {
			isa = PBXCopyFilesBuildPhase;
			buildActionMask = 2147483647;
			dstPath = /usr/share/man/man1/;
			dstSubfolderSpec = 0;
			files = (
			);
			runOnlyForDeploymentPostprocessing = 1;
		};
/* End PBXCopyFilesBuildPhase section */

/* Begin PBXFileReference section */
		8415AE271EC8487A00C7F289 /* Basket */ = {isa = PBXFileReference; explicitFileType = "compiled.mach-o.executable"; includeInIndex = 0; path = Basket; sourceTree = BUILT_PRODUCTS_DIR; };
		8415AE2A1EC8487A00C7F289 /* main.swift */ = {isa = PBXFileReference; lastKnownFileType = sourcecode.swift; path = main.swift; sourceTree = "<group>"; };
		8415AE311EC848E200C7F289 /* Basket.swift */ = {isa = PBXFileReference; fileEncoding = 4; lastKnownFileType = sourcecode.swift; path = Basket.swift; sourceTree = "<group>"; };
		8415AE331EC849C500C7F289 /* Fruit.swift */ = {isa = PBXFileReference; fileEncoding = 4; lastKnownFileType = sourcecode.swift; path = Fruit.swift; sourceTree = "<group>"; };
		8415AE351EC849E000C7F289 /* Apple.swift */ = {isa = PBXFileReference; fileEncoding = 4; lastKnownFileType = sourcecode.swift; path = Apple.swift; sourceTree = "<group>"; };
		8415AE371EC84A0D00C7F289 /* Banana.swift */ = {isa = PBXFileReference; fileEncoding = 4; lastKnownFileType = sourcecode.swift; path = Banana.swift; sourceTree = "<group>"; };
		8415AE3A1EC8532900C7F289 /* BasketIterator.swift */ = {isa = PBXFileReference; fileEncoding = 4; lastKnownFileType = sourcecode.swift; path = BasketIterator.swift; sourceTree = "<group>"; };
/* End PBXFileReference section */

/* Begin PBXFrameworksBuildPhase section */
		8415AE241EC8487A00C7F289 /* Frameworks */ = {
			isa = PBXFrameworksBuildPhase;
			buildActionMask = 2147483647;
			files = (
			);
			runOnlyForDeploymentPostprocessing = 0;
		};
/* End PBXFrameworksBuildPhase section */

/* Begin PBXGroup section */
		8415AE1E1EC8487900C7F289 = {
			isa = PBXGroup;
			children = (
				8415AE291EC8487A00C7F289 /* Basket */,
				8415AE281EC8487A00C7F289 /* Products */,
			);
			sourceTree = "<group>";
		};
		8415AE281EC8487A00C7F289 /* Products */ = {
			isa = PBXGroup;
			children = (
				8415AE271EC8487A00C7F289 /* Basket */,
			);
			name = Products;
			sourceTree = "<group>";
		};
		8415AE291EC8487A00C7F289 /* Basket */ = {
			isa = PBXGroup;
			children = (
				8415AE2A1EC8487A00C7F289 /* main.swift */,
				8415AE311EC848E200C7F289 /* Basket.swift */,
				8415AE3A1EC8532900C7F289 /* BasketIterator.swift */,
				8415AE331EC849C500C7F289 /* Fruit.swift */,
				8415AE351EC849E000C7F289 /* Apple.swift */,
				8415AE371EC84A0D00C7F289 /* Banana.swift */,
			);
			path = Basket;
			sourceTree = "<group>";
		};
/* End PBXGroup section */

/* Begin PBXNativeTarget section */
		8415AE261EC8487A00C7F289 /* Basket */ = {
			isa = PBXNativeTarget;
			buildConfigurationList = 8415AE2E1EC8487A00C7F289 /* Build configuration list for PBXNativeTarget "Basket" */;
			buildPhases = (
				8415AE231EC8487A00C7F289 /* Sources */,
				8415AE241EC8487A00C7F289 /* Frameworks */,
				8415AE251EC8487A00C7F289 /* CopyFiles */,
			);
			buildRules = (
			);
			dependencies = (
			);
			name = Basket;
			productName = Basket;
			productReference = 8415AE271EC8487A00C7F289 /* Basket */;
			productType = "com.apple.product-type.tool";
		};
/* End PBXNativeTarget section */

/* Begin PBXProject section */
		8415AE1F1EC8487A00C7F289 /* Project object */ = {
			isa = PBXProject;
			attributes = {
				LastUpgradeCheck = 0620;
				ORGANIZATIONNAME = "Yury Struchkou";
				TargetAttributes = {
					8415AE261EC8487A00C7F289 = {
						CreatedOnToolsVersion = 6.2;
					};
				};
			};
			buildConfigurationList = 8415AE221EC8487A00C7F289 /* Build configuration list for PBXProject "Basket" */;
			compatibilityVersion = "Xcode 3.2";
			developmentRegion = English;
			hasScannedForEncodings = 0;
			knownRegions = (
				en,
			);
			mainGroup = 8415AE1E1EC8487900C7F289;
			productRefGroup = 8415AE281EC8487A00C7F289 /* Products */;
			projectDirPath = "";
			projectRoot = "";
			targets = (
				8415AE261EC8487A00C7F289 /* Basket */,
			);
		};
/* End PBXProject section */

/* Begin PBXSourcesBuildPhase section */
		8415AE231EC8487A00C7F289 /* Sources */ = {
			isa = PBXSourcesBuildPhase;
			buildActionMask = 2147483647;
			files = (
				8415AE361EC849E000C7F289 /* Apple.swift in Sources */,
				8415AE341EC849C500C7F289 /* Fruit.swift in Sources */,
				8415AE2B1EC8487A00C7F289 /* main.swift in Sources */,
				8415AE381EC84A0D00C7F289 /* Banana.swift in Sources */,
				8415AE321EC848E200C7F289 /* Basket.swift in Sources */,
				8415AE3B1EC8532900C7F289 /* BasketIterator.swift in Sources */,
			);
			runOnlyForDeploymentPostprocessing = 0;
		};
/* End PBXSourcesBuildPhase section */

/* Begin XCBuildConfiguration section */
		8415AE2C1EC8487A00C7F289 /* Debug */ = {
			isa = XCBuildConfiguration;
			buildSettings = {
				ALWAYS_SEARCH_USER_PATHS = NO;
				CLANG_CXX_LANGUAGE_STANDARD = "gnu++0x";
				CLANG_CXX_LIBRARY = "libc++";
				CLANG_ENABLE_MODULES = YES;
				CLANG_ENABLE_OBJC_ARC = YES;
				CLANG_WARN_BOOL_CONVERSION = YES;
				CLANG_WARN_CONSTANT_CONVERSION = YES;
				CLANG_WARN_DIRECT_OBJC_ISA_USAGE = YES_ERROR;
				CLANG_WARN_EMPTY_BODY = YES;
				CLANG_WARN_ENUM_CONVERSION = YES;
				CLANG_WARN_INT_CONVERSION = YES;
				CLANG_WARN_OBJC_ROOT_CLASS = YES_ERROR;
				CLANG_WARN_UNREACHABLE_CODE = YES;
				CLANG_WARN__DUPLICATE_METHOD_MATCH = YES;
				COPY_PHASE_STRIP = NO;
				ENABLE_STRICT_OBJC_MSGSEND = YES;
				GCC_C_LANGUAGE_STANDARD = gnu99;
				GCC_DYNAMIC_NO_PIC = NO;
				GCC_OPTIMIZATION_LEVEL = 0;
				GCC_PREPROCESSOR_DEFINITIONS = (
					"DEBUG=1",
					"$(inherited)",
				);
				GCC_SYMBOLS_PRIVATE_EXTERN = NO;
				GCC_WARN_64_TO_32_BIT_CONVERSION = YES;
				GCC_WARN_ABOUT_RETURN_TYPE = YES_ERROR;
				GCC_WARN_UNDECLARED_SELECTOR = YES;
				GCC_WARN_UNINITIALIZED_AUTOS = YES_AGGRESSIVE;
				GCC_WARN_UNUSED_FUNCTION = YES;
				GCC_WARN_UNUSED_VARIABLE = YES;
				MACOSX_DEPLOYMENT_TARGET = 10.9;
				MTL_ENABLE_DEBUG_INFO = YES;
				ONLY_ACTIVE_ARCH = YES;
				SDKROOT = macosx;
				SWIFT_OPTIMIZATION_LEVEL = "-Onone";
			};
			name = Debug;
		};
		8415AE2D1EC8487A00C7F289 /* Release */ = {
			isa = XCBuildConfiguration;
			buildSettings = {
				ALWAYS_SEARCH_USER_PATHS = NO;
				CLANG_CXX_LANGUAGE_STANDARD = "gnu++0x";
				CLANG_CXX_LIBRARY = "libc++";
				CLANG_ENABLE_MODULES = YES;
				CLANG_ENABLE_OBJC_ARC = YES;
				CLANG_WARN_BOOL_CONVERSION = YES;
				CLANG_WARN_CONSTANT_CONVERSION = YES;
				CLANG_WARN_DIRECT_OBJC_ISA_USAGE = YES_ERROR;
				CLANG_WARN_EMPTY_BODY = YES;
				CLANG_WARN_ENUM_CONVERSION = YES;
				CLANG_WARN_INT_CONVERSION = YES;
				CLANG_WARN_OBJC_ROOT_CLASS = YES_ERROR;
				CLANG_WARN_UNREACHABLE_CODE = YES;
				CLANG_WARN__DUPLICATE_METHOD_MATCH = YES;
				COPY_PHASE_STRIP = NO;
				DEBUG_INFORMATION_FORMAT = "dwarf-with-dsym";
				ENABLE_NS_ASSERTIONS = NO;
				ENABLE_STRICT_OBJC_MSGSEND = YES;
				GCC_C_LANGUAGE_STANDARD = gnu99;
				GCC_WARN_64_TO_32_BIT_CONVERSION = YES;
				GCC_WARN_ABOUT_RETURN_TYPE = YES_ERROR;
				GCC_WARN_UNDECLARED_SELECTOR = YES;
				GCC_WARN_UNINITIALIZED_AUTOS = YES_AGGRESSIVE;
				GCC_WARN_UNUSED_FUNCTION = YES;
				GCC_WARN_UNUSED_VARIABLE = YES;
				MACOSX_DEPLOYMENT_TARGET = 10.9;
				MTL_ENABLE_DEBUG_INFO = NO;
				SDKROOT = macosx;
			};
			name = Release;
		};
		8415AE2F1EC8487A00C7F289 /* Debug */ = {
			isa = XCBuildConfiguration;
			buildSettings = {
				PRODUCT_NAME = "$(TARGET_NAME)";
			};
			name = Debug;
		};
		8415AE301EC8487A00C7F289 /* Release */ = {
			isa = XCBuildConfiguration;
			buildSettings = {
				PRODUCT_NAME = "$(TARGET_NAME)";
			};
			name = Release;
		};
/* End XCBuildConfiguration section */

/* Begin XCConfigurationList section */
		8415AE221EC8487A00C7F289 /* Build configuration list for PBXProject "Basket" */ = {
			isa = XCConfigurationList;
			buildConfigurations = (
				8415AE2C1EC8487A00C7F289 /* Debug */,
				8415AE2D1EC8487A00C7F289 /* Release */,
			);
			defaultConfigurationIsVisible = 0;
			defaultConfigurationName = Release;
		};
		8415AE2E1EC8487A00C7F289 /* Build configuration list for PBXNativeTarget "Basket" */ = {
			isa = XCConfigurationList;
			buildConfigurations = (
				8415AE2F1EC8487A00C7F289 /* Debug */,
				8415AE301EC8487A00C7F289 /* Release */,
			);
			defaultConfigurationIsVisible = 0;
		};
/* End XCConfigurationList section */
	};
	rootObject = 8415AE1F1EC8487A00C7F289 /* Project object */;
}
